
Microsoft Visual Studio Solution File, Format Version 12.00
# Visual Studio 15
VisualStudioVersion = 15.0.26430.16
MinimumVisualStudioVersion = 10.0.40219.1
Project("{FAE04EC0-301F-11D3-BF4B-00C04F79EFBC}") = "TestClient.Saml2p", "src\TestClient.Saml2p\TestClient.Saml2p.csproj", "{F8B81C4C-17C7-43EE-82DF-7DBC2A421649}"
EndProject
Project("{FAE04EC0-301F-11D3-BF4B-00C04F79EFBC}") = "TestClient.Oidc.AspNetCore1", "src\TestClient.Oidc.AspNetCore1\TestClient.Oidc.AspNetCore1.csproj", "{D97611FF-8BB6-4D7B-A450-0471870AD288}"
EndProject
Global
	GlobalSection(SolutionConfigurationPlatforms) = preSolution
		Debug|Any CPU = Debug|Any CPU
		Release|Any CPU = Release|Any CPU
	EndGlobalSection
	GlobalSection(ProjectConfigurationPlatforms) = postSolution
		{F8B81C4C-17C7-43EE-82DF-7DBC2A421649}.Debug|Any CPU.ActiveCfg = Debug|Any CPU
		{F8B81C4C-17C7-43EE-82DF-7DBC2A421649}.Debug|Any CPU.Build.0 = Debug|Any CPU
		{F8B81C4C-17C7-43EE-82DF-7DBC2A421649}.Release|Any CPU.ActiveCfg = Release|Any CPU
		{F8B81C4C-17C7-43EE-82DF-7DBC2A421649}.Release|Any CPU.Build.0 = Release|Any CPU
		{D97611FF-8BB6-4D7B-A450-0471870AD288}.Debug|Any CPU.ActiveCfg = Debug|Any CPU
		{D97611FF-8BB6-4D7B-A450-0471870AD288}.Debug|Any CPU.Build.0 = Debug|Any CPU
		{D97611FF-8BB6-4D7B-A450-0471870AD288}.Release|Any CPU.ActiveCfg = Release|Any CPU
		{D97611FF-8BB6-4D7B-A450-0471870AD288}.Release|Any CPU.Build.0 = Release|Any CPU
	EndGlobalSection
	GlobalSection(SolutionProperties) = preSolution
		HideSolutionNode = FALSE
	EndGlobalSection
EndGlobal
